lockfileVersion: '9.0'

settings:
  autoInstallPeers: true
  excludeLinksFromLockfile: false

importers:

  .:
    dependencies:
      dotenv:
        specifier: ^16.4.7
        version: 16.4.7

packages:

  dotenv@16.4.7:
    resolution: {integrity: sha512-47qPchRCykZC03FhkYAhrvwU4xDBFIj1QPqaarj6mdM/hgUzfPHcpkHJOn3mJAufFeeAxAzeGsr5X0M4k6fLZQ==}
    engines: {node: '>=12'}

snapshots:

  dotenv@16.4.7: {}
